# This file was autogenerated by Stack.
# You should not edit this file by hand.
# For more information, please see the documentation at:
#   https://docs.haskellstack.org/en/stable/lock_files

packages:
- completed:
    hackage: deriving-trans-0.5.0.1@sha256:440393dc84bace19152c20618d445b76812341887d08d24fdfb53156aa51ea87,2293
    pantry-tree:
      sha256: f1200322ee7318433388a19dacc02f2f1aa818bbd1c35db918b6b6dbeeacaff9
      size: 611
  original:
    hackage: deriving-trans-0.5.0.1@sha256:440393dc84bace19152c20618d445b76812341887d08d24fdfb53156aa51ea87,2293
- completed:
    hackage: monad-control-identity-0.2.0.0@sha256:1ec0ec32b6e29d53481b576ecf2ea71d35d309a013fd9640918d4cfaa63f4e7f,1452
    pantry-tree:
      sha256: eff5352a22ded5838d7212630c9252fcfa9f65df453277f9ec6ccedd813e3550
      size: 338
  original:
    hackage: monad-control-identity-0.2.0.0@sha256:1ec0ec32b6e29d53481b576ecf2ea71d35d309a013fd9640918d4cfaa63f4e7f,1452
- completed:
    commit: 031d92db9fc96bc6107669b1cd863854af0f678d
    git: https://github.com/Tarmean/data-reify.git
    name: data-reify
    pantry-tree:
      sha256: 704185042b8791c7004461516bb99870240747e0b02ff39bc2f98e0bcc61c1a6
      size: 1214
    version: 0.6.3
  original:
    commit: 031d92db9fc96bc6107669b1cd863854af0f678d
    git: https://github.com/Tarmean/data-reify.git
- completed:
    commit: aa0340d8981e0d03943b250614c45527f94d1bc2
    git: https://github.com/Tarmean/hegg/
    name: hegg
    pantry-tree:
      sha256: f654ec0c5f61232469c6e544a42dd6f3238493f4a9c37badbd399733831bd860
      size: 3554
    version: 0.5.0.0
  original:
    commit: aa0340d8981e0d03943b250614c45527f94d1bc2
    git: https://github.com/Tarmean/hegg/
- completed:
    hackage: pomaps-0.2.0.1@sha256:b9b50a8d6836decbd249a167682aeaeec637970eeb56af9a93184694f7fac69e,2948
    pantry-tree:
      sha256: 1f53c725e4d29ef41ad5b590658c3c48853f95d0789adf18bc563cd502cf65a7
      size: 1036
  original:
    hackage: pomaps-0.2.0.1@sha256:b9b50a8d6836decbd249a167682aeaeec637970eeb56af9a93184694f7fac69e,2948
snapshots:
- completed:
    sha256: 28a863b358647f2d952fe7085ba11561aeb63eca6bc6fd1ce8fcf1cfe63717f5
    size: 719127
    url: https://raw.githubusercontent.com/commercialhaskell/stackage-snapshots/master/lts/22/24.yaml
  original: lts-22.24
