# This file was autogenerated by Stack.
# You should not edit this file by hand.
# For more information, please see the documentation at:
#   https://docs.haskellstack.org/en/stable/lock_files

packages:
- completed:
    hackage: deriving-trans-0.5.0.1@sha256:440393dc84bace19152c20618d445b76812341887d08d24fdfb53156aa51ea87,2293
    pantry-tree:
      sha256: f1200322ee7318433388a19dacc02f2f1aa818bbd1c35db918b6b6dbeeacaff9
      size: 611
  original:
    hackage: deriving-trans-0.5.0.1@sha256:440393dc84bace19152c20618d445b76812341887d08d24fdfb53156aa51ea87,2293
- completed:
    hackage: monad-control-identity-0.2.0.0@sha256:1ec0ec32b6e29d53481b576ecf2ea71d35d309a013fd9640918d4cfaa63f4e7f,1452
    pantry-tree:
      sha256: eff5352a22ded5838d7212630c9252fcfa9f65df453277f9ec6ccedd813e3550
      size: 338
  original:
    hackage: monad-control-identity-0.2.0.0@sha256:1ec0ec32b6e29d53481b576ecf2ea71d35d309a013fd9640918d4cfaa63f4e7f,1452
- completed:
    commit: b66a3d6217f21252ea4ca195069e85d0c08ee811
    git: https://github.com/Tarmean/data-reify.git
    name: data-reify
    pantry-tree:
      sha256: ba064925256d51dd96e14d25bda7164b9696e352d6ad9181e8f8c53c401a6b9c
      size: 1214
    version: 0.6.3
  original:
    commit: b66a3d6217f21252ea4ca195069e85d0c08ee811
    git: https://github.com/Tarmean/data-reify.git
- completed:
    hackage: hermit-1.0.1@sha256:113c7ce268a0d0c16da03dc2f160e33bd7fe55c0f4135236477f33e44de3059c,10050
    pantry-tree:
      sha256: e875337e0230e30be950d141457afa0bfea91caef5779914bd854dbdcf44cf2a
      size: 8195
  original:
    hackage: hermit-1.0.1@sha256:113c7ce268a0d0c16da03dc2f160e33bd7fe55c0f4135236477f33e44de3059c,10050
- completed:
    hackage: kure-2.18.6@sha256:180de0a401e901727bfadd12ed6f7295921551c3d2017421c245caa3f12f1ead,2797
    pantry-tree:
      sha256: f97e6f84712798a36bb818770d1b630d7a67ac6db69ff9d9059252839c55819b
      size: 2029
  original:
    hackage: kure-2.18.6@sha256:180de0a401e901727bfadd12ed6f7295921551c3d2017421c245caa3f12f1ead,2797
- completed:
    commit: f44c7f2006a838d21cbc9b61369b42863b7c635c
    git: https://github.com/Tarmean/marked-pretty
    name: marked-pretty
    pantry-tree:
      sha256: 219b31f51d942462fa6a67830dc1764b3e839a64a8bd20847ee1437e2383c94f
      size: 576
    version: 1.1.2.1
  original:
    commit: f44c7f2006a838d21cbc9b61369b42863b7c635c
    git: https://github.com/Tarmean/marked-pretty
- completed:
    hackage: dlist-0.8.0.8@sha256:90ca348bffdc62d7070bcf0e97c728f8d01b24fbc7ea08d2909157d0da76534c,2066
    pantry-tree:
      sha256: 1b5b9142a932f15c77f758f92f90bea6c805c42d4c62f7a697e8e4f6cf1ad6e6
      size: 426
  original:
    hackage: dlist-0.8.0.8@sha256:90ca348bffdc62d7070bcf0e97c728f8d01b24fbc7ea08d2909157d0da76534c,2066
snapshots:
- completed:
    sha256: 5201b267da5c16bde723e0401eed332c96035edd55250a947089a7d9417b7ecc
    size: 646690
    url: https://raw.githubusercontent.com/commercialhaskell/stackage-snapshots/master/nightly/2022/11/3.yaml
  original:
    url: https://raw.githubusercontent.com/commercialhaskell/stackage-snapshots/master/nightly/2022/11/3.yaml
